
Microsoft Visual Studio Solution File, Format Version 11.00
# Visual Studio 2010
Project("{FAE04EC0-301F-11D3-BF4B-00C04F79EFBC}") = "Ocean2Earth", "Ocean2Earth\Ocean2Earth.csproj", "{CCF92ACC-4D7A-4856-AE42-DE3548C210E8}"
EndProject
Project("{FAE04EC0-301F-11D3-BF4B-00C04F79EFBC}") = "Ocean2Earth.Tests", "Ocean2Earth.Tests\Ocean2Earth.Tests.csproj", "{037F1A5D-8BF6-4AF7-943B-7CD698057DF8}"
EndProject
Global
	GlobalSection(SolutionConfigurationPlatforms) = preSolution
		Debug|Any CPU = Debug|Any CPU
		Release|Any CPU = Release|Any CPU
	EndGlobalSection
	GlobalSection(ProjectConfigurationPlatforms) = postSolution
		{CCF92ACC-4D7A-4856-AE42-DE3548C210E8}.Debug|Any CPU.ActiveCfg = Debug|Any CPU
		{CCF92ACC-4D7A-4856-AE42-DE3548C210E8}.Debug|Any CPU.Build.0 = Debug|Any CPU
		{CCF92ACC-4D7A-4856-AE42-DE3548C210E8}.Release|Any CPU.ActiveCfg = Release|Any CPU
		{CCF92ACC-4D7A-4856-AE42-DE3548C210E8}.Release|Any CPU.Build.0 = Release|Any CPU
		{037F1A5D-8BF6-4AF7-943B-7CD698057DF8}.Debug|Any CPU.ActiveCfg = Debug|Any CPU
		{037F1A5D-8BF6-4AF7-943B-7CD698057DF8}.Debug|Any CPU.Build.0 = Debug|Any CPU
		{037F1A5D-8BF6-4AF7-943B-7CD698057DF8}.Release|Any CPU.ActiveCfg = Release|Any CPU
		{037F1A5D-8BF6-4AF7-943B-7CD698057DF8}.Release|Any CPU.Build.0 = Release|Any CPU
	EndGlobalSection
	GlobalSection(SolutionProperties) = preSolution
		HideSolutionNode = FALSE
	EndGlobalSection
EndGlobal
